
Microsoft Visual Studio Solution File, Format Version 12.00
# Visual Studio Version 16
VisualStudioVersion = 16.0.31112.23
MinimumVisualStudioVersion = 10.0.40219.1
Project("{FAE04EC0-301F-11D3-BF4B-00C04F79EFBC}") = "RegexPattermExample", "RegexPattermExample\RegexPattermExample.csproj", "{79A63C3D-7ECE-42CB-B2C7-395BDDFBD292}"
EndProject
Global
	GlobalSection(SolutionConfigurationPlatforms) = preSolution
		Debug|Any CPU = Debug|Any CPU
		Release|Any CPU = Release|Any CPU
	EndGlobalSection
	GlobalSection(ProjectConfigurationPlatforms) = postSolution
		{79A63C3D-7ECE-42CB-B2C7-395BDDFBD292}.Debug|Any CPU.ActiveCfg = Debug|Any CPU
		{79A63C3D-7ECE-42CB-B2C7-395BDDFBD292}.Debug|Any CPU.Build.0 = Debug|Any CPU
		{79A63C3D-7ECE-42CB-B2C7-395BDDFBD292}.Release|Any CPU.ActiveCfg = Release|Any CPU
		{79A63C3D-7ECE-42CB-B2C7-395BDDFBD292}.Release|Any CPU.Build.0 = Release|Any CPU
	EndGlobalSection
	GlobalSection(SolutionProperties) = preSolution
		HideSolutionNode = FALSE
	EndGlobalSection
	GlobalSection(ExtensibilityGlobals) = postSolution
		SolutionGuid = {37AB0EE0-F3C9-4064-98C0-7EDF8728330F}
	EndGlobalSection
EndGlobal
